<?xml version="1.0" encoding="utf-8"?>
<Project ToolsVersion="4.0" xmlns="http://schemas.microsoft.com/developer/msbuild/2003">
  <ItemGroup>
    <ClCompile Include="Src\main.cpp" />
    <ClCompile Include="Src\Objects\Frog.cpp">
      <Filter>Objects</Filter>
    </ClCompile>
    <ClCompile Include="Src\Window\MainMenu.cpp">
      <Filter>Window</Filter>
    </ClCompile>
    <ClCompile Include="Src\Window\Play.cpp">
      <Filter>Window</Filter>
    </ClCompile>
    <ClCompile Include="Src\Objects\LandEnemy.cpp">
      <Filter>Objects</Filter>
    </ClCompile>
    <ClCompile Include="Src\Window\Credits.cpp">
      <Filter>Window</Filter>
    </ClCompile>
    <ClCompile Include="Src\Window\HowToPlay.cpp">
      <Filter>Window</Filter>
    </ClCompile>
    <ClCompile Include="Src\Objects\Log.cpp">
      <Filter>Objects</Filter>
    </ClCompile>
    <ClCompile Include="Src\Objects\Water.cpp">
      <Filter>Objects</Filter>
    </ClCompile>
    <ClCompile Include="Src\Objects\Fly.cpp">
      <Filter>Objects</Filter>
    </ClCompile>
  </ItemGroup>
  <ItemGroup>
    <Filter Include="Window">
      <UniqueIdentifier>{ad54fa83-c0e0-403e-9037-d8adfbc20c57}</UniqueIdentifier>
    </Filter>
    <Filter Include="Objects">
      <UniqueIdentifier>{c4655f40-7d35-45ea-9108-cdd8089ecdb9}</UniqueIdentifier>
    </Filter>
  </ItemGroup>
  <ItemGroup>
    <ClInclude Include="Src\Objects\Frog.h">
      <Filter>Objects</Filter>
    </ClInclude>
    <ClInclude Include="Src\Window\Play.h">
      <Filter>Window</Filter>
    </ClInclude>
    <ClInclude Include="Src\Window\MainMenu.h">
      <Filter>Window</Filter>
    </ClInclude>
    <ClInclude Include="Src\Objects\LandEnemy.h">
      <Filter>Objects</Filter>
    </ClInclude>
    <ClInclude Include="Src\Window\Credits.h">
      <Filter>Window</Filter>
    </ClInclude>
    <ClInclude Include="Src\Window\HowToPlay.h">
      <Filter>Window</Filter>
    </ClInclude>
    <ClInclude Include="Src\Objects\Log.h">
      <Filter>Objects</Filter>
    </ClInclude>
    <ClInclude Include="Src\Objects\Water.h">
      <Filter>Objects</Filter>
    </ClInclude>
    <ClInclude Include="Src\Objects\Fly.h">
      <Filter>Objects</Filter>
    </ClInclude>
  </ItemGroup>
</Project>